// !$*UTF8*$!
{
	archiveVersion = 1;
	classes = {
	};
	objectVersion = 56;
	objects = {

/* Begin PBXBuildFile section */
		EC38F8022A8D5155006A1AEA /* SuperHeroSwiftUIApp.swift in Sources */ = {isa = PBXBuildFile; fileRef = EC38F8012A8D5155006A1AEA /* SuperHeroSwiftUIApp.swift */; };
		EC38F8042A8D5155006A1AEA /* ListView.swift in Sources */ = {isa = PBXBuildFile; fileRef = EC38F8032A8D5155006A1AEA /* ListView.swift */; };
		EC38F8062A8D5156006A1AEA /* Assets.xcassets in Resources */ = {isa = PBXBuildFile; fileRef = EC38F8052A8D5156006A1AEA /* Assets.xcassets */; };
		EC38F8092A8D5156006A1AEA /* Preview Assets.xcassets in Resources */ = {isa = PBXBuildFile; fileRef = EC38F8082A8D5156006A1AEA /* Preview Assets.xcassets */; };
		EC38F8102A8D51ED006A1AEA /* SuperHero.swift in Sources */ = {isa = PBXBuildFile; fileRef = EC38F80F2A8D51ED006A1AEA /* SuperHero.swift */; };
		EC38F8122A8D559D006A1AEA /* MapView.swift in Sources */ = {isa = PBXBuildFile; fileRef = EC38F8112A8D559D006A1AEA /* MapView.swift */; };
		EC38F8142A8D58AC006A1AEA /* DetailView.swift in Sources */ = {isa = PBXBuildFile; fileRef = EC38F8132A8D58AC006A1AEA /* DetailView.swift */; };
		EC38F8162A8D59A2006A1AEA /* PrivateImageView.swift in Sources */ = {isa = PBXBuildFile; fileRef = EC38F8152A8D59A2006A1AEA /* PrivateImageView.swift */; };
		EC38F8182A8D61CA006A1AEA /* ListRowView.swift in Sources */ = {isa = PBXBuildFile; fileRef = EC38F8172A8D61CA006A1AEA /* ListRowView.swift */; };
/* End PBXBuildFile section */

/* Begin PBXFileReference section */
		EC38F7FE2A8D5155006A1AEA /* SuperHeroSwiftUI.app */ = {isa = PBXFileReference; explicitFileType = wrapper.application; includeInIndex = 0; path = SuperHeroSwiftUI.app; sourceTree = BUILT_PRODUCTS_DIR; };
		EC38F8012A8D5155006A1AEA /* SuperHeroSwiftUIApp.swift */ = {isa = PBXFileReference; lastKnownFileType = sourcecode.swift; path = SuperHeroSwiftUIApp.swift; sourceTree = "<group>"; };
		EC38F8032A8D5155006A1AEA /* ListView.swift */ = {isa = PBXFileReference; lastKnownFileType = sourcecode.swift; path = ListView.swift; sourceTree = "<group>"; };
		EC38F8052A8D5156006A1AEA /* Assets.xcassets */ = {isa = PBXFileReference; lastKnownFileType = folder.assetcatalog; path = Assets.xcassets; sourceTree = "<group>"; };
		EC38F8082A8D5156006A1AEA /* Preview Assets.xcassets */ = {isa = PBXFileReference; lastKnownFileType = folder.assetcatalog; path = "Preview Assets.xcassets"; sourceTree = "<group>"; };
		EC38F80F2A8D51ED006A1AEA /* SuperHero.swift */ = {isa = PBXFileReference; lastKnownFileType = sourcecode.swift; path = SuperHero.swift; sourceTree = "<group>"; };
		EC38F8112A8D559D006A1AEA /* MapView.swift */ = {isa = PBXFileReference; lastKnownFileType = sourcecode.swift; path = MapView.swift; sourceTree = "<group>"; };
		EC38F8132A8D58AC006A1AEA /* DetailView.swift */ = {isa = PBXFileReference; lastKnownFileType = sourcecode.swift; path = DetailView.swift; sourceTree = "<group>"; };
		EC38F8152A8D59A2006A1AEA /* PrivateImageView.swift */ = {isa = PBXFileReference; lastKnownFileType = sourcecode.swift; path = PrivateImageView.swift; sourceTree = "<group>"; };
		EC38F8172A8D61CA006A1AEA /* ListRowView.swift */ = {isa = PBXFileReference; lastKnownFileType = sourcecode.swift; path = ListRowView.swift; sourceTree = "<group>"; };
/* End PBXFileReference section */

/* Begin PBXFrameworksBuildPhase section */
		EC38F7FB2A8D5155006A1AEA /* Frameworks */ = {
			isa = PBXFrameworksBuildPhase;
			buildActionMask = 2147483647;
			files = (
			);
			runOnlyForDeploymentPostprocessing = 0;
		};
/* End PBXFrameworksBuildPhase section */

/* Begin PBXGroup section */
		EC38F7F52A8D5155006A1AEA = {
			isa = PBXGroup;
			children = (
				EC38F8002A8D5155006A1AEA /* SuperHeroSwiftUI */,
				EC38F7FF2A8D5155006A1AEA /* Products */,
			);
			sourceTree = "<group>";
		};
		EC38F7FF2A8D5155006A1AEA /* Products */ = {
			isa = PBXGroup;
			children = (
				EC38F7FE2A8D5155006A1AEA /* SuperHeroSwiftUI.app */,
			);
			name = Products;
			sourceTree = "<group>";
		};
		EC38F8002A8D5155006A1AEA /* SuperHeroSwiftUI */ = {
			isa = PBXGroup;
			children = (
				EC38F8012A8D5155006A1AEA /* SuperHeroSwiftUIApp.swift */,
				EC38F8032A8D5155006A1AEA /* ListView.swift */,
				EC38F8132A8D58AC006A1AEA /* DetailView.swift */,
				EC38F80F2A8D51ED006A1AEA /* SuperHero.swift */,
				EC38F8112A8D559D006A1AEA /* MapView.swift */,
				EC38F8052A8D5156006A1AEA /* Assets.xcassets */,
				EC38F8072A8D5156006A1AEA /* Preview Content */,
				EC38F8152A8D59A2006A1AEA /* PrivateImageView.swift */,
				EC38F8172A8D61CA006A1AEA /* ListRowView.swift */,
			);
			path = SuperHeroSwiftUI;
			sourceTree = "<group>";
		};
		EC38F8072A8D5156006A1AEA /* Preview Content */ = {
			isa = PBXGroup;
			children = (
				EC38F8082A8D5156006A1AEA /* Preview Assets.xcassets */,
			);
			path = "Preview Content";
			sourceTree = "<group>";
		};
/* End PBXGroup section */

/* Begin PBXNativeTarget section */
		EC38F7FD2A8D5155006A1AEA /* SuperHeroSwiftUI */ = {
			isa = PBXNativeTarget;
			buildConfigurationList = EC38F80C2A8D5156006A1AEA /* Build configuration list for PBXNativeTarget "SuperHeroSwiftUI" */;
			buildPhases = (
				EC38F7FA2A8D5155006A1AEA /* Sources */,
				EC38F7FB2A8D5155006A1AEA /* Frameworks */,
				EC38F7FC2A8D5155006A1AEA /* Resources */,
			);
			buildRules = (
			);
			dependencies = (
			);
			name = SuperHeroSwiftUI;
			productName = SuperHeroSwiftUI;
			productReference = EC38F7FE2A8D5155006A1AEA /* SuperHeroSwiftUI.app */;
			productType = "com.apple.product-type.application";
		};
/* End PBXNativeTarget section */

/* Begin PBXProject section */
		EC38F7F62A8D5155006A1AEA /* Project object */ = {
			isa = PBXProject;
			attributes = {
				BuildIndependentTargetsInParallel = 1;
				LastSwiftUpdateCheck = 1430;
				LastUpgradeCheck = 1430;
				TargetAttributes = {
					EC38F7FD2A8D5155006A1AEA = {
						CreatedOnToolsVersion = 14.3.1;
					};
				};
			};
			buildConfigurationList = EC38F7F92A8D5155006A1AEA /* Build configuration list for PBXProject "SuperHeroSwiftUI" */;
			compatibilityVersion = "Xcode 14.0";
			developmentRegion = en;
			hasScannedForEncodings = 0;
			knownRegions = (
				en,
				Base,
			);
			mainGroup = EC38F7F52A8D5155006A1AEA;
			productRefGroup = EC38F7FF2A8D5155006A1AEA /* Products */;
			projectDirPath = "";
			projectRoot = "";
			targets = (
				EC38F7FD2A8D5155006A1AEA /* SuperHeroSwiftUI */,
			);
		};
/* End PBXProject section */

/* Begin PBXResourcesBuildPhase section */
		EC38F7FC2A8D5155006A1AEA /* Resources */ = {
			isa = PBXResourcesBuildPhase;
			buildActionMask = 2147483647;
			files = (
				EC38F8092A8D5156006A1AEA /* Preview Assets.xcassets in Resources */,
				EC38F8062A8D5156006A1AEA /* Assets.xcassets in Resources */,
			);
			runOnlyForDeploymentPostprocessing = 0;
		};
/* End PBXResourcesBuildPhase section */

/* Begin PBXSourcesBuildPhase section */
		EC38F7FA2A8D5155006A1AEA /* Sources */ = {
			isa = PBXSourcesBuildPhase;
			buildActionMask = 2147483647;
			files = (
				EC38F8162A8D59A2006A1AEA /* PrivateImageView.swift in Sources */,
				EC38F8182A8D61CA006A1AEA /* ListRowView.swift in Sources */,
				EC38F8042A8D5155006A1AEA /* ListView.swift in Sources */,
				EC38F8122A8D559D006A1AEA /* MapView.swift in Sources */,
				EC38F8022A8D5155006A1AEA /* SuperHeroSwiftUIApp.swift in Sources */,
				EC38F8142A8D58AC006A1AEA /* DetailView.swift in Sources */,
				EC38F8102A8D51ED006A1AEA /* SuperHero.swift in Sources */,
			);
			runOnlyForDeploymentPostprocessing = 0;
		};
/* End PBXSourcesBuildPhase section */

/* Begin XCBuildConfiguration section */
		EC38F80A2A8D5156006A1AEA /* Debug */ = {
			isa = XCBuildConfiguration;
			buildSettings = {
				ALWAYS_SEARCH_USER_PATHS = NO;
				CLANG_ANALYZER_NONNULL = YES;
				CLANG_ANALYZER_NUMBER_OBJECT_CONVERSION = YES_AGGRESSIVE;
				CLANG_CXX_LANGUAGE_STANDARD = "gnu++20";
				CLANG_ENABLE_MODULES = YES;
				CLANG_ENABLE_OBJC_ARC = YES;
				CLANG_ENABLE_OBJC_WEAK = YES;
				CLANG_WARN_BLOCK_CAPTURE_AUTORELEASING = YES;
				CLANG_WARN_BOOL_CONVERSION = YES;
				CLANG_WARN_COMMA = YES;
				CLANG_WARN_CONSTANT_CONVERSION = YES;
				CLANG_WARN_DEPRECATED_OBJC_IMPLEMENTATIONS = YES;
				CLANG_WARN_DIRECT_OBJC_ISA_USAGE = YES_ERROR;
				CLANG_WARN_DOCUMENTATION_COMMENTS = YES;
				CLANG_WARN_EMPTY_BODY = YES;
				CLANG_WARN_ENUM_CONVERSION = YES;
				CLANG_WARN_INFINITE_RECURSION = YES;
				CLANG_WARN_INT_CONVERSION = YES;
				CLANG_WARN_NON_LITERAL_NULL_CONVERSION = YES;
				CLANG_WARN_OBJC_IMPLICIT_RETAIN_SELF = YES;
				CLANG_WARN_OBJC_LITERAL_CONVERSION = YES;
				CLANG_WARN_OBJC_ROOT_CLASS = YES_ERROR;
				CLANG_WARN_QUOTED_INCLUDE_IN_FRAMEWORK_HEADER = YES;
				CLANG_WARN_RANGE_LOOP_ANALYSIS = YES;
				CLANG_WARN_STRICT_PROTOTYPES = YES;
				CLANG_WARN_SUSPICIOUS_MOVE = YES;
				CLANG_WARN_UNGUARDED_AVAILABILITY = YES_AGGRESSIVE;
				CLANG_WARN_UNREACHABLE_CODE = YES;
				CLANG_WARN__DUPLICATE_METHOD_MATCH = YES;
				COPY_PHASE_STRIP = NO;
				DEBUG_INFORMATION_FORMAT = dwarf;
				ENABLE_STRICT_OBJC_MSGSEND = YES;
				ENABLE_TESTABILITY = YES;
				GCC_C_LANGUAGE_STANDARD = gnu11;
				GCC_DYNAMIC_NO_PIC = NO;
				GCC_NO_COMMON_BLOCKS = YES;
				GCC_OPTIMIZATION_LEVEL = 0;
				GCC_PREPROCESSOR_DEFINITIONS = (
					"DEBUG=1",
					"$(inherited)",
				);
				GCC_WARN_64_TO_32_BIT_CONVERSION = YES;
				GCC_WARN_ABOUT_RETURN_TYPE = YES_ERROR;
				GCC_WARN_UNDECLARED_SELECTOR = YES;
				GCC_WARN_UNINITIALIZED_AUTOS = YES_AGGRESSIVE;
				GCC_WARN_UNUSED_FUNCTION = YES;
				GCC_WARN_UNUSED_VARIABLE = YES;
				IPHONEOS_DEPLOYMENT_TARGET = 16.4;
				MTL_ENABLE_DEBUG_INFO = INCLUDE_SOURCE;
				MTL_FAST_MATH = YES;
				ONLY_ACTIVE_ARCH = YES;
				SDKROOT = iphoneos;
				SWIFT_ACTIVE_COMPILATION_CONDITIONS = DEBUG;
				SWIFT_OPTIMIZATION_LEVEL = "-Onone";
			};
			name = Debug;
		};
		EC38F80B2A8D5156006A1AEA /* Release */ = {
			isa = XCBuildConfiguration;
			buildSettings = {
				ALWAYS_SEARCH_USER_PATHS = NO;
				CLANG_ANALYZER_NONNULL = YES;
				CLANG_ANALYZER_NUMBER_OBJECT_CONVERSION = YES_AGGRESSIVE;
				CLANG_CXX_LANGUAGE_STANDARD = "gnu++20";
				CLANG_ENABLE_MODULES = YES;
				CLANG_ENABLE_OBJC_ARC = YES;
				CLANG_ENABLE_OBJC_WEAK = YES;
				CLANG_WARN_BLOCK_CAPTURE_AUTORELEASING = YES;
				CLANG_WARN_BOOL_CONVERSION = YES;
				CLANG_WARN_COMMA = YES;
				CLANG_WARN_CONSTANT_CONVERSION = YES;
				CLANG_WARN_DEPRECATED_OBJC_IMPLEMENTATIONS = YES;
				CLANG_WARN_DIRECT_OBJC_ISA_USAGE = YES_ERROR;
				CLANG_WARN_DOCUMENTATION_COMMENTS = YES;
				CLANG_WARN_EMPTY_BODY = YES;
				CLANG_WARN_ENUM_CONVERSION = YES;
				CLANG_WARN_INFINITE_RECURSION = YES;
				CLANG_WARN_INT_CONVERSION = YES;
				CLANG_WARN_NON_LITERAL_NULL_CONVERSION = YES;
				CLANG_WARN_OBJC_IMPLICIT_RETAIN_SELF = YES;
				CLANG_WARN_OBJC_LITERAL_CONVERSION = YES;
				CLANG_WARN_OBJC_ROOT_CLASS = YES_ERROR;
				CLANG_WARN_QUOTED_INCLUDE_IN_FRAMEWORK_HEADER = YES;
				CLANG_WARN_RANGE_LOOP_ANALYSIS = YES;
				CLANG_WARN_STRICT_PROTOTYPES = YES;
				CLANG_WARN_SUSPICIOUS_MOVE = YES;
				CLANG_WARN_UNGUARDED_AVAILABILITY = YES_AGGRESSIVE;
				CLANG_WARN_UNREACHABLE_CODE = YES;
				CLANG_WARN__DUPLICATE_METHOD_MATCH = YES;
				COPY_PHASE_STRIP = NO;
				DEBUG_INFORMATION_FORMAT = "dwarf-with-dsym";
				ENABLE_NS_ASSERTIONS = NO;
				ENABLE_STRICT_OBJC_MSGSEND = YES;
				GCC_C_LANGUAGE_STANDARD = gnu11;
				GCC_NO_COMMON_BLOCKS = YES;
				GCC_WARN_64_TO_32_BIT_CONVERSION = YES;
				GCC_WARN_ABOUT_RETURN_TYPE = YES_ERROR;
				GCC_WARN_UNDECLARED_SELECTOR = YES;
				GCC_WARN_UNINITIALIZED_AUTOS = YES_AGGRESSIVE;
				GCC_WARN_UNUSED_FUNCTION = YES;
				GCC_WARN_UNUSED_VARIABLE = YES;
				IPHONEOS_DEPLOYMENT_TARGET = 16.4;
				MTL_ENABLE_DEBUG_INFO = NO;
				MTL_FAST_MATH = YES;
				SDKROOT = iphoneos;
				SWIFT_COMPILATION_MODE = wholemodule;
				SWIFT_OPTIMIZATION_LEVEL = "-O";
				VALIDATE_PRODUCT = YES;
			};
			name = Release;
		};
		EC38F80D2A8D5156006A1AEA /* Debug */ = {
			isa = XCBuildConfiguration;
			buildSettings = {
				ASSETCATALOG_COMPILER_APPICON_NAME = AppIcon;
				ASSETCATALOG_COMPILER_GLOBAL_ACCENT_COLOR_NAME = AccentColor;
				CODE_SIGN_STYLE = Automatic;
				CURRENT_PROJECT_VERSION = 1;
				DEVELOPMENT_ASSET_PATHS = "\"SuperHeroSwiftUI/Preview Content\"";
				DEVELOPMENT_TEAM = 5Q9PX5VT7H;
				ENABLE_PREVIEWS = YES;
				GENERATE_INFOPLIST_FILE = YES;
				INFOPLIST_KEY_UIApplicationSceneManifest_Generation = YES;
				INFOPLIST_KEY_UIApplicationSupportsIndirectInputEvents = YES;
				INFOPLIST_KEY_UILaunchScreen_Generation = YES;
				INFOPLIST_KEY_UISupportedInterfaceOrientations_iPad = "UIInterfaceOrientationPortrait UIInterfaceOrientationPortraitUpsideDown UIInterfaceOrientationLandscapeLeft UIInterfaceOrientationLandscapeRight";
				INFOPLIST_KEY_UISupportedInterfaceOrientations_iPhone = "UIInterfaceOrientationPortrait UIInterfaceOrientationLandscapeLeft UIInterfaceOrientationLandscapeRight";
				LD_RUNPATH_SEARCH_PATHS = (
					"$(inherited)",
					"@executable_path/Frameworks",
				);
				MARKETING_VERSION = 1.0;
				PRODUCT_BUNDLE_IDENTIFIER = com.ykwiam.SuperHeroSwiftUI;
				PRODUCT_NAME = "$(TARGET_NAME)";
				SWIFT_EMIT_LOC_STRINGS = YES;
				SWIFT_VERSION = 5.0;
				TARGETED_DEVICE_FAMILY = "1,2";
			};
			name = Debug;
		};
		EC38F80E2A8D5156006A1AEA /* Release */ = {
			isa = XCBuildConfiguration;
			buildSettings = {
				ASSETCATALOG_COMPILER_APPICON_NAME = AppIcon;
				ASSETCATALOG_COMPILER_GLOBAL_ACCENT_COLOR_NAME = AccentColor;
				CODE_SIGN_STYLE = Automatic;
				CURRENT_PROJECT_VERSION = 1;
				DEVELOPMENT_ASSET_PATHS = "\"SuperHeroSwiftUI/Preview Content\"";
				DEVELOPMENT_TEAM = 5Q9PX5VT7H;
				ENABLE_PREVIEWS = YES;
				GENERATE_INFOPLIST_FILE = YES;
				INFOPLIST_KEY_UIApplicationSceneManifest_Generation = YES;
				INFOPLIST_KEY_UIApplicationSupportsIndirectInputEvents = YES;
				INFOPLIST_KEY_UILaunchScreen_Generation = YES;
				INFOPLIST_KEY_UISupportedInterfaceOrientations_iPad = "UIInterfaceOrientationPortrait UIInterfaceOrientationPortraitUpsideDown UIInterfaceOrientationLandscapeLeft UIInterfaceOrientationLandscapeRight";
				INFOPLIST_KEY_UISupportedInterfaceOrientations_iPhone = "UIInterfaceOrientationPortrait UIInterfaceOrientationLandscapeLeft UIInterfaceOrientationLandscapeRight";
				LD_RUNPATH_SEARCH_PATHS = (
					"$(inherited)",
					"@executable_path/Frameworks",
				);
				MARKETING_VERSION = 1.0;
				PRODUCT_BUNDLE_IDENTIFIER = com.ykwiam.SuperHeroSwiftUI;
				PRODUCT_NAME = "$(TARGET_NAME)";
				SWIFT_EMIT_LOC_STRINGS = YES;
				SWIFT_VERSION = 5.0;
				TARGETED_DEVICE_FAMILY = "1,2";
			};
			name = Release;
		};
/* End XCBuildConfiguration section */

/* Begin XCConfigurationList section */
		EC38F7F92A8D5155006A1AEA /* Build configuration list for PBXProject "SuperHeroSwiftUI" */ = {
			isa = XCConfigurationList;
			buildConfigurations = (
				EC38F80A2A8D5156006A1AEA /* Debug */,
				EC38F80B2A8D5156006A1AEA /* Release */,
			);
			defaultConfigurationIsVisible = 0;
			defaultConfigurationName = Release;
		};
		EC38F80C2A8D5156006A1AEA /* Build configuration list for PBXNativeTarget "SuperHeroSwiftUI" */ = {
			isa = XCConfigurationList;
			buildConfigurations = (
				EC38F80D2A8D5156006A1AEA /* Debug */,
				EC38F80E2A8D5156006A1AEA /* Release */,
			);
			defaultConfigurationIsVisible = 0;
			defaultConfigurationName = Release;
		};
/* End XCConfigurationList section */
	};
	rootObject = EC38F7F62A8D5155006A1AEA /* Project object */;
}
